# Generated by pub
# See https://dart.dev/tools/pub/glossary#lockfile
packages:
  _discoveryapis_commons:
    dependency: transitive
    description:
      name: _discoveryapis_commons
      url: "https://pub.dartlang.org"
    source: hosted
    version: "1.0.5"
  args:
    dependency: "direct main"
    description:
      name: args
      url: "https://pub.dartlang.org"
    source: hosted
    version: "2.3.1"
  asn1lib:
    dependency: transitive
    description:
      name: asn1lib
      url: "https://pub.dartlang.org"
    source: hosted
    version: "1.4.0"
  async:
    dependency: transitive
    description:
      name: async
      url: "https://pub.dartlang.org"
    source: hosted
    version: "2.10.0"
  basic_utils:
    dependency: transitive
    description:
      name: basic_utils
      url: "https://pub.dartlang.org"
    source: hosted
    version: "5.4.2"
  bson:
    dependency: transitive
    description:
      name: bson
      url: "https://pub.dartlang.org"
    source: hosted
    version: "3.0.1"
  buffer:
    dependency: transitive
    description:
      name: buffer
      url: "https://pub.dartlang.org"
    source: hosted
    version: "1.1.1"
  clock:
    dependency: transitive
    description:
      name: clock
      url: "https://pub.dartlang.org"
    source: hosted
    version: "1.1.1"
  collection:
    dependency: transitive
    description:
      name: collection
      url: "https://pub.dartlang.org"
    source: hosted
    version: "1.17.0"
  convert:
    dependency: transitive
    description:
      name: convert
      url: "https://pub.dartlang.org"
    source: hosted
    version: "3.1.1"
  crypto:
    dependency: transitive
    description:
      name: crypto
      url: "https://pub.dartlang.org"
    source: hosted
    version: "3.0.2"
  crypto_keys:
    dependency: transitive
    description:
      name: crypto_keys
      url: "https://pub.dartlang.org"
    source: hosted
    version: "0.3.0+1"
  decimal:
    dependency: transitive
    description:
      name: decimal
      url: "https://pub.dartlang.org"
    source: hosted
    version: "2.3.2"
  dotenv:
    dependency: transitive
    description:
      name: dotenv
      url: "https://pub.dartlang.org"
    source: hosted
    version: "3.0.0"
  expressions:
    dependency: transitive
    description:
      name: expressions
      url: "https://pub.dartlang.org"
    source: hosted
    version: "0.2.5"
  fake_async:
    dependency: transitive
    description:
      name: fake_async
      url: "https://pub.dartlang.org"
    source: hosted
    version: "1.3.1"
  firebase_admin_sdk:
    dependency: "direct main"
    description:
      name: firebase_admin_sdk
      url: "https://pub.dartlang.org"
    source: hosted
    version: "0.0.2"
  firebase_auth_rest:
    dependency: "direct main"
    description:
      name: firebase_auth_rest
      url: "https://pub.dartlang.org"
    source: hosted
    version: "2.0.3"
  firebase_auth_token:
    dependency: "direct main"
    description:
      name: firebase_auth_token
      url: "https://pub.dartlang.org"
    source: hosted
    version: "1.0.5"
  firebase_dart:
    dependency: transitive
    description:
      name: firebase_dart
      url: "https://pub.dartlang.org"
    source: hosted
    version: "1.0.9"
  fixnum:
    dependency: transitive
    description:
      name: fixnum
      url: "https://pub.dartlang.org"
    source: hosted
    version: "1.0.1"
  freezed_annotation:
    dependency: transitive
    description:
      name: freezed_annotation
      url: "https://pub.dartlang.org"
    source: hosted
    version: "0.14.3"
  gcloud:
    dependency: transitive
    description:
      name: gcloud
      url: "https://pub.dartlang.org"
    source: hosted
    version: "0.8.7"
  googleapis:
    dependency: transitive
    description:
      name: googleapis
      url: "https://pub.dartlang.org"
    source: hosted
    version: "6.0.0"
  googleapis_auth:
    dependency: transitive
    description:
      name: googleapis_auth
      url: "https://pub.dartlang.org"
    source: hosted
    version: "1.3.1"
  hive:
    dependency: transitive
    description:
      name: hive
      url: "https://pub.dartlang.org"
    source: hosted
    version: "2.2.3"
  http:
    dependency: "direct dev"
    description:
      name: http
      url: "https://pub.dartlang.org"
    source: hosted
    version: "0.13.5"
  http_methods:
    dependency: transitive
    description:
      name: http_methods
      url: "https://pub.dartlang.org"
    source: hosted
    version: "1.1.0"
  http_parser:
    dependency: transitive
    description:
      name: http_parser
      url: "https://pub.dartlang.org"
    source: hosted
    version: "4.0.2"
  intl:
    dependency: "direct main"
    description:
      name: intl
      url: "https://pub.dartlang.org"
    source: hosted
    version: "0.18.0"
  jose:
    dependency: transitive
    description:
      name: jose
      url: "https://pub.dartlang.org"
    source: hosted
    version: "0.3.3"
  js:
    dependency: transitive
    description:
      name: js
      url: "https://pub.dartlang.org"
    source: hosted
    version: "0.6.5"
  json_annotation:
    dependency: transitive
    description:
      name: json_annotation
      url: "https://pub.dartlang.org"
    source: hosted
    version: "4.7.0"
  lints:
    dependency: "direct dev"
    description:
      name: lints
      url: "https://pub.dartlang.org"
    source: hosted
    version: "2.0.1"
  logging:
    dependency: transitive
    description:
      name: logging
      url: "https://pub.dartlang.org"
    source: hosted
    version: "1.1.0"
  matcher:
    dependency: transitive
    description:
      name: matcher
      url: "https://pub.dartlang.org"
    source: hosted
    version: "0.12.14"
  meta:
    dependency: transitive
    description:
      name: meta
      url: "https://pub.dartlang.org"
    source: hosted
    version: "1.8.0"
  mongo_dart:
    dependency: "direct main"
    description:
      name: mongo_dart
      url: "https://pub.dartlang.org"
    source: hosted
    version: "0.8.2"
  mongo_dart_query:
    dependency: transitive
    description:
      name: mongo_dart_query
      url: "https://pub.dartlang.org"
    source: hosted
    version: "3.0.0"
  openid_client:
    dependency: transitive
    description:
      name: openid_client
      url: "https://pub.dartlang.org"
    source: hosted
    version: "0.4.7"
  packages_extensions:
    dependency: transitive
    description:
      name: packages_extensions
      url: "https://pub.dartlang.org"
    source: hosted
    version: "0.1.0"
  path:
    dependency: transitive
    description:
      name: path
      url: "https://pub.dartlang.org"
    source: hosted
    version: "1.8.3"
  pedantic:
    dependency: transitive
    description:
      name: pedantic
      url: "https://pub.dartlang.org"
    source: hosted
    version: "1.11.1"
  petitparser:
    dependency: transitive
    description:
      name: petitparser
      url: "https://pub.dartlang.org"
    source: hosted
    version: "5.1.0"
  pointycastle:
    dependency: transitive
    description:
      name: pointycastle
      url: "https://pub.dartlang.org"
    source: hosted
    version: "3.6.2"
  pool:
    dependency: transitive
    description:
      name: pool
      url: "https://pub.dartlang.org"
    source: hosted
    version: "1.5.1"
  power_extensions:
    dependency: transitive
    description:
      name: power_extensions
      url: "https://pub.dartlang.org"
    source: hosted
    version: "0.2.2"
  quiver:
    dependency: transitive
    description:
      name: quiver
      url: "https://pub.dartlang.org"
    source: hosted
    version: "3.2.1"
  rational:
    dependency: transitive
    description:
      name: rational
      url: "https://pub.dartlang.org"
    source: hosted
    version: "2.2.2"
  rxdart:
    dependency: transitive
    description:
      name: rxdart
      url: "https://pub.dartlang.org"
    source: hosted
    version: "0.27.7"
  sasl_scram:
    dependency: transitive
    description:
      name: sasl_scram
      url: "https://pub.dartlang.org"
    source: hosted
    version: "0.1.1"
  saslprep:
    dependency: transitive
    description:
      name: saslprep
      url: "https://pub.dartlang.org"
    source: hosted
    version: "1.0.2"
  shelf:
    dependency: "direct main"
    description:
      name: shelf
      url: "https://pub.dartlang.org"
    source: hosted
    version: "1.4.0"
  shelf_router:
    dependency: "direct main"
    description:
      name: shelf_router
      url: "https://pub.dartlang.org"
    source: hosted
    version: "1.1.3"
  sortedmap:
    dependency: transitive
    description:
      name: sortedmap
      url: "https://pub.dartlang.org"
    source: hosted
    version: "0.5.2"
  source_span:
    dependency: transitive
    description:
      name: source_span
      url: "https://pub.dartlang.org"
    source: hosted
    version: "1.9.1"
  stack_trace:
    dependency: transitive
    description:
      name: stack_trace
      url: "https://pub.dartlang.org"
    source: hosted
    version: "1.11.0"
  stream_channel:
    dependency: transitive
    description:
      name: stream_channel
      url: "https://pub.dartlang.org"
    source: hosted
    version: "2.1.1"
  string_scanner:
    dependency: transitive
    description:
      name: string_scanner
      url: "https://pub.dartlang.org"
    source: hosted
    version: "1.2.0"
  synchronized:
    dependency: transitive
    description:
      name: synchronized
      url: "https://pub.dartlang.org"
    source: hosted
    version: "3.0.0+3"
  term_glyph:
    dependency: transitive
    description:
      name: term_glyph
      url: "https://pub.dartlang.org"
    source: hosted
    version: "1.2.1"
  typed_data:
    dependency: transitive
    description:
      name: typed_data
      url: "https://pub.dartlang.org"
    source: hosted
    version: "1.3.1"
  unorm_dart:
    dependency: transitive
    description:
      name: unorm_dart
      url: "https://pub.dartlang.org"
    source: hosted
    version: "0.2.0"
  uuid:
    dependency: transitive
    description:
      name: uuid
      url: "https://pub.dartlang.org"
    source: hosted
    version: "3.0.7"
  vy_string_utils:
    dependency: transitive
    description:
      name: vy_string_utils
      url: "https://pub.dartlang.org"
    source: hosted
    version: "0.4.5"
  web_socket_channel:
    dependency: transitive
    description:
      name: web_socket_channel
      url: "https://pub.dartlang.org"
    source: hosted
    version: "2.2.0"
  x509:
    dependency: transitive
    description:
      name: x509
      url: "https://pub.dartlang.org"
    source: hosted
    version: "0.2.3"
sdks:
  dart: ">=2.18.6 <3.0.0"
